
Microsoft Visual Studio Solution File, Format Version 12.00
# Visual Studio Version 17
VisualStudioVersion = 17.1.32210.238
MinimumVisualStudioVersion = 10.0.40219.1
Project("{FAE04EC0-301F-11D3-BF4B-00C04F79EFBC}") = "ST10084661_POE_Task2_PROG6211", "ST10084661_POE_Task2_PROG6211\ST10084661_POE_Task2_PROG6211.csproj", "{BF4FD1B0-8810-4971-AEB5-6F0241A2BDCC}"
EndProject
Global
	GlobalSection(SolutionConfigurationPlatforms) = preSolution
		Debug|Any CPU = Debug|Any CPU
		Release|Any CPU = Release|Any CPU
	EndGlobalSection
	GlobalSection(ProjectConfigurationPlatforms) = postSolution
		{BF4FD1B0-8810-4971-AEB5-6F0241A2BDCC}.Debug|Any CPU.ActiveCfg = Debug|Any CPU
		{BF4FD1B0-8810-4971-AEB5-6F0241A2BDCC}.Debug|Any CPU.Build.0 = Debug|Any CPU
		{BF4FD1B0-8810-4971-AEB5-6F0241A2BDCC}.Release|Any CPU.ActiveCfg = Release|Any CPU
		{BF4FD1B0-8810-4971-AEB5-6F0241A2BDCC}.Release|Any CPU.Build.0 = Release|Any CPU
	EndGlobalSection
	GlobalSection(SolutionProperties) = preSolution
		HideSolutionNode = FALSE
	EndGlobalSection
	GlobalSection(ExtensibilityGlobals) = postSolution
		SolutionGuid = {74BBD619-1DFB-4AD4-BFCC-FB6DC399999C}
	EndGlobalSection
EndGlobal
